
Microsoft Visual Studio Solution File, Format Version 12.00
# Visual Studio Version 17
VisualStudioVersion = 17.11.35222.181
MinimumVisualStudioVersion = 10.0.40219.1
Project("{FAE04EC0-301F-11D3-BF4B-00C04F79EFBC}") = "Todo List", "Todo List\Todo List.csproj", "{C7204FEC-3806-4220-90DE-C18A867F9DE1}"
EndProject
Global
	GlobalSection(SolutionConfigurationPlatforms) = preSolution
		Debug|Any CPU = Debug|Any CPU
		Release|Any CPU = Release|Any CPU
	EndGlobalSection
	GlobalSection(ProjectConfigurationPlatforms) = postSolution
		{C7204FEC-3806-4220-90DE-C18A867F9DE1}.Debug|Any CPU.ActiveCfg = Debug|Any CPU
		{C7204FEC-3806-4220-90DE-C18A867F9DE1}.Debug|Any CPU.Build.0 = Debug|Any CPU
		{C7204FEC-3806-4220-90DE-C18A867F9DE1}.Release|Any CPU.ActiveCfg = Release|Any CPU
		{C7204FEC-3806-4220-90DE-C18A867F9DE1}.Release|Any CPU.Build.0 = Release|Any CPU
	EndGlobalSection
	GlobalSection(SolutionProperties) = preSolution
		HideSolutionNode = FALSE
	EndGlobalSection
	GlobalSection(ExtensibilityGlobals) = postSolution
		SolutionGuid = {93D69302-CE31-4800-94C3-6CFCA1E5B0FD}
	EndGlobalSection
EndGlobal
